
Microsoft Visual Studio Solution File, Format Version 12.00
# Visual Studio Version 16
VisualStudioVersion = 16.0.30204.135
MinimumVisualStudioVersion = 10.0.40219.1
Project("{FAE04EC0-301F-11D3-BF4B-00C04F79EFBC}") = "RedeSocial.Web", "RedeSocial.Web\RedeSocial.Web.csproj", "{E7485A8F-1BDB-42A0-9E57-90C5BAFBA13C}"
EndProject
Project("{FAE04EC0-301F-11D3-BF4B-00C04F79EFBC}") = "RedeSocial.Service", "RedeSocial.Service\RedeSocial.Service.csproj", "{68A6BFF1-0794-46D3-902B-A803EFF52469}"
EndProject
Project("{FAE04EC0-301F-11D3-BF4B-00C04F79EFBC}") = "RedeSocial.Repository", "RedeSocial.Repository\RedeSocial.Repository.csproj", "{AC714758-E397-420E-84F6-553B7A59D130}"
EndProject
Project("{FAE04EC0-301F-11D3-BF4B-00C04F79EFBC}") = "RedeSocial.Tests", "RedeSocial.Tests\RedeSocial.Tests.csproj", "{00CFCDC6-FBD3-42FF-9D11-D051647B07D8}"
EndProject
Project("{FAE04EC0-301F-11D3-BF4B-00C04F79EFBC}") = "RedeSocial.Domain", "RedeSocial.Domain\RedeSocial.Domain.csproj", "{7BA970C5-8A92-428E-A4BB-63623E402DA1}"
EndProject
Project("{FAE04EC0-301F-11D3-BF4B-00C04F79EFBC}") = "RedeSocial.CrossCutting", "RedeSocial.CrossCutting\RedeSocial.CrossCutting.csproj", "{8A004C52-6B9D-4004-B12D-6264FC11EE5C}"
EndProject
Project("{FAE04EC0-301F-11D3-BF4B-00C04F79EFBC}") = "RedeSocial.API", "RedeSocial.API\RedeSocial.API.csproj", "{E30A5BE5-5390-47C2-82EC-5C7C85AFC32C}"
EndProject
Global
	GlobalSection(SolutionConfigurationPlatforms) = preSolution
		Debug|Any CPU = Debug|Any CPU
		Release|Any CPU = Release|Any CPU
	EndGlobalSection
	GlobalSection(ProjectConfigurationPlatforms) = postSolution
		{E7485A8F-1BDB-42A0-9E57-90C5BAFBA13C}.Debug|Any CPU.ActiveCfg = Debug|Any CPU
		{E7485A8F-1BDB-42A0-9E57-90C5BAFBA13C}.Debug|Any CPU.Build.0 = Debug|Any CPU
		{E7485A8F-1BDB-42A0-9E57-90C5BAFBA13C}.Release|Any CPU.ActiveCfg = Release|Any CPU
		{E7485A8F-1BDB-42A0-9E57-90C5BAFBA13C}.Release|Any CPU.Build.0 = Release|Any CPU
		{68A6BFF1-0794-46D3-902B-A803EFF52469}.Debug|Any CPU.ActiveCfg = Debug|Any CPU
		{68A6BFF1-0794-46D3-902B-A803EFF52469}.Debug|Any CPU.Build.0 = Debug|Any CPU
		{68A6BFF1-0794-46D3-902B-A803EFF52469}.Release|Any CPU.ActiveCfg = Release|Any CPU
		{68A6BFF1-0794-46D3-902B-A803EFF52469}.Release|Any CPU.Build.0 = Release|Any CPU
		{AC714758-E397-420E-84F6-553B7A59D130}.Debug|Any CPU.ActiveCfg = Debug|Any CPU
		{AC714758-E397-420E-84F6-553B7A59D130}.Debug|Any CPU.Build.0 = Debug|Any CPU
		{AC714758-E397-420E-84F6-553B7A59D130}.Release|Any CPU.ActiveCfg = Release|Any CPU
		{AC714758-E397-420E-84F6-553B7A59D130}.Release|Any CPU.Build.0 = Release|Any CPU
		{00CFCDC6-FBD3-42FF-9D11-D051647B07D8}.Debug|Any CPU.ActiveCfg = Debug|Any CPU
		{00CFCDC6-FBD3-42FF-9D11-D051647B07D8}.Debug|Any CPU.Build.0 = Debug|Any CPU
		{00CFCDC6-FBD3-42FF-9D11-D051647B07D8}.Release|Any CPU.ActiveCfg = Release|Any CPU
		{00CFCDC6-FBD3-42FF-9D11-D051647B07D8}.Release|Any CPU.Build.0 = Release|Any CPU
		{7BA970C5-8A92-428E-A4BB-63623E402DA1}.Debug|Any CPU.ActiveCfg = Debug|Any CPU
		{7BA970C5-8A92-428E-A4BB-63623E402DA1}.Debug|Any CPU.Build.0 = Debug|Any CPU
		{7BA970C5-8A92-428E-A4BB-63623E402DA1}.Release|Any CPU.ActiveCfg = Release|Any CPU
		{7BA970C5-8A92-428E-A4BB-63623E402DA1}.Release|Any CPU.Build.0 = Release|Any CPU
		{8A004C52-6B9D-4004-B12D-6264FC11EE5C}.Debug|Any CPU.ActiveCfg = Debug|Any CPU
		{8A004C52-6B9D-4004-B12D-6264FC11EE5C}.Debug|Any CPU.Build.0 = Debug|Any CPU
		{8A004C52-6B9D-4004-B12D-6264FC11EE5C}.Release|Any CPU.ActiveCfg = Release|Any CPU
		{8A004C52-6B9D-4004-B12D-6264FC11EE5C}.Release|Any CPU.Build.0 = Release|Any CPU
		{E30A5BE5-5390-47C2-82EC-5C7C85AFC32C}.Debug|Any CPU.ActiveCfg = Debug|Any CPU
		{E30A5BE5-5390-47C2-82EC-5C7C85AFC32C}.Debug|Any CPU.Build.0 = Debug|Any CPU
		{E30A5BE5-5390-47C2-82EC-5C7C85AFC32C}.Release|Any CPU.ActiveCfg = Release|Any CPU
		{E30A5BE5-5390-47C2-82EC-5C7C85AFC32C}.Release|Any CPU.Build.0 = Release|Any CPU
	EndGlobalSection
	GlobalSection(SolutionProperties) = preSolution
		HideSolutionNode = FALSE
	EndGlobalSection
	GlobalSection(ExtensibilityGlobals) = postSolution
		SolutionGuid = {40ADA1ED-0C09-4563-AC3F-93ADA90F4950}
	EndGlobalSection
EndGlobal
